
Microsoft Visual Studio Solution File, Format Version 12.00
# Visual Studio 2013
VisualStudioVersion = 12.0.40629.0
MinimumVisualStudioVersion = 10.0.40219.1
Project("{FAE04EC0-301F-11D3-BF4B-00C04F79EFBC}") = "Aras.Logging", "..\..\Aras.Common\Aras.Logging\Aras.Logging.csproj", "{95CCB1E3-F2FA-423A-BAE6-A5A3EC0CEC94}"
EndProject
Project("{FAE04EC0-301F-11D3-BF4B-00C04F79EFBC}") = "Aras.Logging.Events", "..\..\Aras.Common\Aras.Logging.Events\Aras.Logging.Events.csproj", "{20486173-93D6-40F3-9661-791E2894A9BD}"
EndProject
Project("{FAE04EC0-301F-11D3-BF4B-00C04F79EFBC}") = "Aras.Model", "..\..\Aras.Model\Aras.Model\Aras.Model.csproj", "{E5B4196A-00D0-4DE7-8104-487A7BC60784}"
EndProject
Project("{FAE04EC0-301F-11D3-BF4B-00C04F79EFBC}") = "Aras.Model.Design", "..\..\Aras.Model\Aras.Model.Design\Aras.Model.Design.csproj", "{D99031A4-F91E-4D94-8080-BE0375D3E83B}"
EndProject
Project("{FAE04EC0-301F-11D3-BF4B-00C04F79EFBC}") = "Aras.ViewModel", "..\Aras.ViewModel\Aras.ViewModel.csproj", "{103CE8D0-A7EA-47B1-ADB3-4BE57C02DB18}"
EndProject
Project("{FAE04EC0-301F-11D3-BF4B-00C04F79EFBC}") = "Aras.ViewModel.Design", "..\Aras.ViewModel.Design\Aras.ViewModel.Design.csproj", "{6E26FC31-50B0-402E-AABE-1974FEFB4D6C}"
EndProject
Project("{FAE04EC0-301F-11D3-BF4B-00C04F79EFBC}") = "Aras.ViewModel.WebService", "Aras.ViewModel.WebService\Aras.ViewModel.WebService.csproj", "{5496FC3A-F679-4D81-93BD-484C9B1DB221}"
EndProject
Project("{FAE04EC0-301F-11D3-BF4B-00C04F79EFBC}") = "Aras.IO", "..\..\Aras.IO\Aras.IO\Aras.IO.csproj", "{5ACC089E-892B-4FA7-891D-B2F6D74A4D7B}"
EndProject
Project("{FAE04EC0-301F-11D3-BF4B-00C04F79EFBC}") = "CMB.ViewModel", "..\..\CMB\CMB.ViewModel\CMB.ViewModel.csproj", "{F36D4357-E41A-4D2E-88F0-B032CD9C92E0}"
EndProject
Project("{FAE04EC0-301F-11D3-BF4B-00C04F79EFBC}") = "CMB.Model", "..\..\CMB\CMB.Model\CMB.Model.csproj", "{A6487A8D-17F8-452F-BFF6-1E8863E85CE3}"
EndProject
Global
	GlobalSection(SolutionConfigurationPlatforms) = preSolution
		Debug|Any CPU = Debug|Any CPU
		Release|Any CPU = Release|Any CPU
	EndGlobalSection
	GlobalSection(ProjectConfigurationPlatforms) = postSolution
		{95CCB1E3-F2FA-423A-BAE6-A5A3EC0CEC94}.Debug|Any CPU.ActiveCfg = Debug|Any CPU
		{95CCB1E3-F2FA-423A-BAE6-A5A3EC0CEC94}.Debug|Any CPU.Build.0 = Debug|Any CPU
		{95CCB1E3-F2FA-423A-BAE6-A5A3EC0CEC94}.Release|Any CPU.ActiveCfg = Release|Any CPU
		{95CCB1E3-F2FA-423A-BAE6-A5A3EC0CEC94}.Release|Any CPU.Build.0 = Release|Any CPU
		{20486173-93D6-40F3-9661-791E2894A9BD}.Debug|Any CPU.ActiveCfg = Debug|Any CPU
		{20486173-93D6-40F3-9661-791E2894A9BD}.Debug|Any CPU.Build.0 = Debug|Any CPU
		{20486173-93D6-40F3-9661-791E2894A9BD}.Release|Any CPU.ActiveCfg = Release|Any CPU
		{20486173-93D6-40F3-9661-791E2894A9BD}.Release|Any CPU.Build.0 = Release|Any CPU
		{E5B4196A-00D0-4DE7-8104-487A7BC60784}.Debug|Any CPU.ActiveCfg = Debug|Any CPU
		{E5B4196A-00D0-4DE7-8104-487A7BC60784}.Debug|Any CPU.Build.0 = Debug|Any CPU
		{E5B4196A-00D0-4DE7-8104-487A7BC60784}.Release|Any CPU.ActiveCfg = Release|Any CPU
		{E5B4196A-00D0-4DE7-8104-487A7BC60784}.Release|Any CPU.Build.0 = Release|Any CPU
		{D99031A4-F91E-4D94-8080-BE0375D3E83B}.Debug|Any CPU.ActiveCfg = Debug|Any CPU
		{D99031A4-F91E-4D94-8080-BE0375D3E83B}.Debug|Any CPU.Build.0 = Debug|Any CPU
		{D99031A4-F91E-4D94-8080-BE0375D3E83B}.Release|Any CPU.ActiveCfg = Release|Any CPU
		{D99031A4-F91E-4D94-8080-BE0375D3E83B}.Release|Any CPU.Build.0 = Release|Any CPU
		{103CE8D0-A7EA-47B1-ADB3-4BE57C02DB18}.Debug|Any CPU.ActiveCfg = Debug|Any CPU
		{103CE8D0-A7EA-47B1-ADB3-4BE57C02DB18}.Debug|Any CPU.Build.0 = Debug|Any CPU
		{103CE8D0-A7EA-47B1-ADB3-4BE57C02DB18}.Release|Any CPU.ActiveCfg = Release|Any CPU
		{103CE8D0-A7EA-47B1-ADB3-4BE57C02DB18}.Release|Any CPU.Build.0 = Release|Any CPU
		{6E26FC31-50B0-402E-AABE-1974FEFB4D6C}.Debug|Any CPU.ActiveCfg = Debug|Any CPU
		{6E26FC31-50B0-402E-AABE-1974FEFB4D6C}.Debug|Any CPU.Build.0 = Debug|Any CPU
		{6E26FC31-50B0-402E-AABE-1974FEFB4D6C}.Release|Any CPU.ActiveCfg = Release|Any CPU
		{6E26FC31-50B0-402E-AABE-1974FEFB4D6C}.Release|Any CPU.Build.0 = Release|Any CPU
		{5496FC3A-F679-4D81-93BD-484C9B1DB221}.Debug|Any CPU.ActiveCfg = Debug|Any CPU
		{5496FC3A-F679-4D81-93BD-484C9B1DB221}.Debug|Any CPU.Build.0 = Debug|Any CPU
		{5496FC3A-F679-4D81-93BD-484C9B1DB221}.Release|Any CPU.ActiveCfg = Release|Any CPU
		{5496FC3A-F679-4D81-93BD-484C9B1DB221}.Release|Any CPU.Build.0 = Release|Any CPU
		{5ACC089E-892B-4FA7-891D-B2F6D74A4D7B}.Debug|Any CPU.ActiveCfg = Debug|Any CPU
		{5ACC089E-892B-4FA7-891D-B2F6D74A4D7B}.Debug|Any CPU.Build.0 = Debug|Any CPU
		{5ACC089E-892B-4FA7-891D-B2F6D74A4D7B}.Release|Any CPU.ActiveCfg = Release|Any CPU
		{5ACC089E-892B-4FA7-891D-B2F6D74A4D7B}.Release|Any CPU.Build.0 = Release|Any CPU
		{F36D4357-E41A-4D2E-88F0-B032CD9C92E0}.Debug|Any CPU.ActiveCfg = Debug|Any CPU
		{F36D4357-E41A-4D2E-88F0-B032CD9C92E0}.Debug|Any CPU.Build.0 = Debug|Any CPU
		{F36D4357-E41A-4D2E-88F0-B032CD9C92E0}.Release|Any CPU.ActiveCfg = Release|Any CPU
		{F36D4357-E41A-4D2E-88F0-B032CD9C92E0}.Release|Any CPU.Build.0 = Release|Any CPU
		{A6487A8D-17F8-452F-BFF6-1E8863E85CE3}.Debug|Any CPU.ActiveCfg = Debug|Any CPU
		{A6487A8D-17F8-452F-BFF6-1E8863E85CE3}.Debug|Any CPU.Build.0 = Debug|Any CPU
		{A6487A8D-17F8-452F-BFF6-1E8863E85CE3}.Release|Any CPU.ActiveCfg = Release|Any CPU
		{A6487A8D-17F8-452F-BFF6-1E8863E85CE3}.Release|Any CPU.Build.0 = Release|Any CPU
	EndGlobalSection
	GlobalSection(SolutionProperties) = preSolution
		HideSolutionNode = FALSE
	EndGlobalSection
EndGlobal
