
Microsoft Visual Studio Solution File, Format Version 12.00
# Visual Studio 2013
VisualStudioVersion = 12.0.40629.0
MinimumVisualStudioVersion = 10.0.40219.1
Project("{FAE04EC0-301F-11D3-BF4B-00C04F79EFBC}") = "Aras.ViewModel", "Aras.ViewModel.csproj", "{103CE8D0-A7EA-47B1-ADB3-4BE57C02DB18}"
EndProject
Project("{FAE04EC0-301F-11D3-BF4B-00C04F79EFBC}") = "Aras.Model", "..\..\Aras.Model\Aras.Model\Aras.Model.csproj", "{20FEA736-01A1-49A3-A61F-43CAD00D9717}"
EndProject
Global
	GlobalSection(SolutionConfigurationPlatforms) = preSolution
		Debug|Any CPU = Debug|Any CPU
		Release|Any CPU = Release|Any CPU
	EndGlobalSection
	GlobalSection(ProjectConfigurationPlatforms) = postSolution
		{103CE8D0-A7EA-47B1-ADB3-4BE57C02DB18}.Debug|Any CPU.ActiveCfg = Debug|Any CPU
		{103CE8D0-A7EA-47B1-ADB3-4BE57C02DB18}.Debug|Any CPU.Build.0 = Debug|Any CPU
		{103CE8D0-A7EA-47B1-ADB3-4BE57C02DB18}.Release|Any CPU.ActiveCfg = Release|Any CPU
		{103CE8D0-A7EA-47B1-ADB3-4BE57C02DB18}.Release|Any CPU.Build.0 = Release|Any CPU
		{20FEA736-01A1-49A3-A61F-43CAD00D9717}.Debug|Any CPU.ActiveCfg = Debug|Any CPU
		{20FEA736-01A1-49A3-A61F-43CAD00D9717}.Debug|Any CPU.Build.0 = Debug|Any CPU
		{20FEA736-01A1-49A3-A61F-43CAD00D9717}.Release|Any CPU.ActiveCfg = Release|Any CPU
		{20FEA736-01A1-49A3-A61F-43CAD00D9717}.Release|Any CPU.Build.0 = Release|Any CPU
	EndGlobalSection
	GlobalSection(SolutionProperties) = preSolution
		HideSolutionNode = FALSE
	EndGlobalSection
EndGlobal
