
Microsoft Visual Studio Solution File, Format Version 12.00
# Visual Studio 2013
VisualStudioVersion = 12.0.40629.0
MinimumVisualStudioVersion = 10.0.40219.1
Project("{FAE04EC0-301F-11D3-BF4B-00C04F79EFBC}") = "Aras.ViewModel.Design", "Aras.ViewModel.Design.csproj", "{6E26FC31-50B0-402E-AABE-1974FEFB4D6C}"
EndProject
Project("{FAE04EC0-301F-11D3-BF4B-00C04F79EFBC}") = "Aras.ViewModel", "..\Aras.ViewModel\Aras.ViewModel.csproj", "{103CE8D0-A7EA-47B1-ADB3-4BE57C02DB18}"
EndProject
Project("{FAE04EC0-301F-11D3-BF4B-00C04F79EFBC}") = "Aras.Model", "..\..\Aras.Model\Aras.Model\Aras.Model.csproj", "{4EEE1056-FCB1-4523-8884-76E41149832F}"
EndProject
Project("{FAE04EC0-301F-11D3-BF4B-00C04F79EFBC}") = "Aras.Model.Design", "..\..\Aras.Model\Aras.Model.Design\Aras.Model.Design.csproj", "{D99031A4-F91E-4D94-8080-BE0375D3E83B}"
EndProject
Project("{FAE04EC0-301F-11D3-BF4B-00C04F79EFBC}") = "Aras.Logging", "..\..\Aras.Common\Aras.Logging\Aras.Logging.csproj", "{95CCB1E3-F2FA-423A-BAE6-A5A3EC0CEC94}"
EndProject
Project("{FAE04EC0-301F-11D3-BF4B-00C04F79EFBC}") = "Aras.Logging.Console", "..\..\Aras.Common\Aras.Logging.Console\Aras.Logging.Console.csproj", "{ADA1688F-9A38-42AA-88CD-E0493972BA68}"
EndProject
Project("{FAE04EC0-301F-11D3-BF4B-00C04F79EFBC}") = "Aras.IO", "..\..\Aras.IO\Aras.IO\Aras.IO.csproj", "{5ACC089E-892B-4FA7-891D-B2F6D74A4D7B}"
EndProject
Global
	GlobalSection(SolutionConfigurationPlatforms) = preSolution
		Debug|Any CPU = Debug|Any CPU
		Debug|x64 = Debug|x64
		Release|Any CPU = Release|Any CPU
		Release|x64 = Release|x64
	EndGlobalSection
	GlobalSection(ProjectConfigurationPlatforms) = postSolution
		{6E26FC31-50B0-402E-AABE-1974FEFB4D6C}.Debug|Any CPU.ActiveCfg = Debug|Any CPU
		{6E26FC31-50B0-402E-AABE-1974FEFB4D6C}.Debug|Any CPU.Build.0 = Debug|Any CPU
		{6E26FC31-50B0-402E-AABE-1974FEFB4D6C}.Debug|x64.ActiveCfg = Debug|x64
		{6E26FC31-50B0-402E-AABE-1974FEFB4D6C}.Debug|x64.Build.0 = Debug|x64
		{6E26FC31-50B0-402E-AABE-1974FEFB4D6C}.Release|Any CPU.ActiveCfg = Release|Any CPU
		{6E26FC31-50B0-402E-AABE-1974FEFB4D6C}.Release|Any CPU.Build.0 = Release|Any CPU
		{6E26FC31-50B0-402E-AABE-1974FEFB4D6C}.Release|x64.ActiveCfg = Release|x64
		{6E26FC31-50B0-402E-AABE-1974FEFB4D6C}.Release|x64.Build.0 = Release|x64
		{103CE8D0-A7EA-47B1-ADB3-4BE57C02DB18}.Debug|Any CPU.ActiveCfg = Debug|Any CPU
		{103CE8D0-A7EA-47B1-ADB3-4BE57C02DB18}.Debug|Any CPU.Build.0 = Debug|Any CPU
		{103CE8D0-A7EA-47B1-ADB3-4BE57C02DB18}.Debug|x64.ActiveCfg = Debug|x64
		{103CE8D0-A7EA-47B1-ADB3-4BE57C02DB18}.Debug|x64.Build.0 = Debug|x64
		{103CE8D0-A7EA-47B1-ADB3-4BE57C02DB18}.Release|Any CPU.ActiveCfg = Release|Any CPU
		{103CE8D0-A7EA-47B1-ADB3-4BE57C02DB18}.Release|Any CPU.Build.0 = Release|Any CPU
		{103CE8D0-A7EA-47B1-ADB3-4BE57C02DB18}.Release|x64.ActiveCfg = Release|x64
		{103CE8D0-A7EA-47B1-ADB3-4BE57C02DB18}.Release|x64.Build.0 = Release|x64
		{4EEE1056-FCB1-4523-8884-76E41149832F}.Debug|Any CPU.ActiveCfg = Debug|Any CPU
		{4EEE1056-FCB1-4523-8884-76E41149832F}.Debug|Any CPU.Build.0 = Debug|Any CPU
		{4EEE1056-FCB1-4523-8884-76E41149832F}.Debug|x64.ActiveCfg = Debug|Any CPU
		{4EEE1056-FCB1-4523-8884-76E41149832F}.Release|Any CPU.ActiveCfg = Release|Any CPU
		{4EEE1056-FCB1-4523-8884-76E41149832F}.Release|Any CPU.Build.0 = Release|Any CPU
		{4EEE1056-FCB1-4523-8884-76E41149832F}.Release|x64.ActiveCfg = Release|Any CPU
		{D99031A4-F91E-4D94-8080-BE0375D3E83B}.Debug|Any CPU.ActiveCfg = Debug|Any CPU
		{D99031A4-F91E-4D94-8080-BE0375D3E83B}.Debug|Any CPU.Build.0 = Debug|Any CPU
		{D99031A4-F91E-4D94-8080-BE0375D3E83B}.Debug|x64.ActiveCfg = Debug|x64
		{D99031A4-F91E-4D94-8080-BE0375D3E83B}.Debug|x64.Build.0 = Debug|x64
		{D99031A4-F91E-4D94-8080-BE0375D3E83B}.Release|Any CPU.ActiveCfg = Release|Any CPU
		{D99031A4-F91E-4D94-8080-BE0375D3E83B}.Release|Any CPU.Build.0 = Release|Any CPU
		{D99031A4-F91E-4D94-8080-BE0375D3E83B}.Release|x64.ActiveCfg = Release|x64
		{D99031A4-F91E-4D94-8080-BE0375D3E83B}.Release|x64.Build.0 = Release|x64
		{95CCB1E3-F2FA-423A-BAE6-A5A3EC0CEC94}.Debug|Any CPU.ActiveCfg = Debug|Any CPU
		{95CCB1E3-F2FA-423A-BAE6-A5A3EC0CEC94}.Debug|Any CPU.Build.0 = Debug|Any CPU
		{95CCB1E3-F2FA-423A-BAE6-A5A3EC0CEC94}.Debug|x64.ActiveCfg = Debug|x64
		{95CCB1E3-F2FA-423A-BAE6-A5A3EC0CEC94}.Debug|x64.Build.0 = Debug|x64
		{95CCB1E3-F2FA-423A-BAE6-A5A3EC0CEC94}.Release|Any CPU.ActiveCfg = Release|Any CPU
		{95CCB1E3-F2FA-423A-BAE6-A5A3EC0CEC94}.Release|Any CPU.Build.0 = Release|Any CPU
		{95CCB1E3-F2FA-423A-BAE6-A5A3EC0CEC94}.Release|x64.ActiveCfg = Release|x64
		{95CCB1E3-F2FA-423A-BAE6-A5A3EC0CEC94}.Release|x64.Build.0 = Release|x64
		{ADA1688F-9A38-42AA-88CD-E0493972BA68}.Debug|Any CPU.ActiveCfg = Debug|Any CPU
		{ADA1688F-9A38-42AA-88CD-E0493972BA68}.Debug|Any CPU.Build.0 = Debug|Any CPU
		{ADA1688F-9A38-42AA-88CD-E0493972BA68}.Debug|x64.ActiveCfg = Debug|Any CPU
		{ADA1688F-9A38-42AA-88CD-E0493972BA68}.Release|Any CPU.ActiveCfg = Release|Any CPU
		{ADA1688F-9A38-42AA-88CD-E0493972BA68}.Release|Any CPU.Build.0 = Release|Any CPU
		{ADA1688F-9A38-42AA-88CD-E0493972BA68}.Release|x64.ActiveCfg = Release|Any CPU
		{5ACC089E-892B-4FA7-891D-B2F6D74A4D7B}.Debug|Any CPU.ActiveCfg = Debug|Any CPU
		{5ACC089E-892B-4FA7-891D-B2F6D74A4D7B}.Debug|Any CPU.Build.0 = Debug|Any CPU
		{5ACC089E-892B-4FA7-891D-B2F6D74A4D7B}.Debug|x64.ActiveCfg = Debug|x64
		{5ACC089E-892B-4FA7-891D-B2F6D74A4D7B}.Debug|x64.Build.0 = Debug|x64
		{5ACC089E-892B-4FA7-891D-B2F6D74A4D7B}.Release|Any CPU.ActiveCfg = Release|Any CPU
		{5ACC089E-892B-4FA7-891D-B2F6D74A4D7B}.Release|Any CPU.Build.0 = Release|Any CPU
		{5ACC089E-892B-4FA7-891D-B2F6D74A4D7B}.Release|x64.ActiveCfg = Release|x64
		{5ACC089E-892B-4FA7-891D-B2F6D74A4D7B}.Release|x64.Build.0 = Release|x64
	EndGlobalSection
	GlobalSection(SolutionProperties) = preSolution
		HideSolutionNode = FALSE
	EndGlobalSection
EndGlobal
